// !$*UTF8*$!
{
	archiveVersion = 1;
	classes = {
	};
	objectVersion = 56;
	objects = {

/* Begin PBXBuildFile section */
		D06B7B662C1AF98800F8B927 /* AppDelegate.swift in Sources */ = {isa = PBXBuildFile; fileRef = D06B7B652C1AF98800F8B927 /* AppDelegate.swift */; };
		D06B7B682C1AF98800F8B927 /* SceneDelegate.swift in Sources */ = {isa = PBXBuildFile; fileRef = D06B7B672C1AF98800F8B927 /* SceneDelegate.swift */; };
		D06B7B6A2C1AF98800F8B927 /* ViewController.swift in Sources */ = {isa = PBXBuildFile; fileRef = D06B7B692C1AF98800F8B927 /* ViewController.swift */; };
		D06B7B6D2C1AF98800F8B927 /* Base in Resources */ = {isa = PBXBuildFile; fileRef = D06B7B6C2C1AF98800F8B927 /* Base */; };
		D06B7B6F2C1AF98900F8B927 /* Assets.xcassets in Resources */ = {isa = PBXBuildFile; fileRef = D06B7B6E2C1AF98900F8B927 /* Assets.xcassets */; };
		D06B7B722C1AF98900F8B927 /* Base in Resources */ = {isa = PBXBuildFile; fileRef = D06B7B712C1AF98900F8B927 /* Base */; };
		D06B7B7B2C1B13A800F8B927 /* CommentTableViewCell.swift in Sources */ = {isa = PBXBuildFile; fileRef = D06B7B792C1B13A800F8B927 /* CommentTableViewCell.swift */; };
		D06B7B7C2C1B13A800F8B927 /* CommentTableViewCell.xib in Resources */ = {isa = PBXBuildFile; fileRef = D06B7B7A2C1B13A800F8B927 /* CommentTableViewCell.xib */; };
		D06B7B7E2C1C123000F8B927 /* CommentModel.swift in Sources */ = {isa = PBXBuildFile; fileRef = D06B7B7D2C1C123000F8B927 /* CommentModel.swift */; };
/* End PBXBuildFile section */

/* Begin PBXFileReference section */
		D06B7B622C1AF98800F8B927 /* TestDiffableDataSource.app */ = {isa = PBXFileReference; explicitFileType = wrapper.application; includeInIndex = 0; path = TestDiffableDataSource.app; sourceTree = BUILT_PRODUCTS_DIR; };
		D06B7B652C1AF98800F8B927 /* AppDelegate.swift */ = {isa = PBXFileReference; lastKnownFileType = sourcecode.swift; path = AppDelegate.swift; sourceTree = "<group>"; };
		D06B7B672C1AF98800F8B927 /* SceneDelegate.swift */ = {isa = PBXFileReference; lastKnownFileType = sourcecode.swift; path = SceneDelegate.swift; sourceTree = "<group>"; };
		D06B7B692C1AF98800F8B927 /* ViewController.swift */ = {isa = PBXFileReference; lastKnownFileType = sourcecode.swift; path = ViewController.swift; sourceTree = "<group>"; };
		D06B7B6C2C1AF98800F8B927 /* Base */ = {isa = PBXFileReference; lastKnownFileType = file.storyboard; name = Base; path = Base.lproj/Main.storyboard; sourceTree = "<group>"; };
		D06B7B6E2C1AF98900F8B927 /* Assets.xcassets */ = {isa = PBXFileReference; lastKnownFileType = folder.assetcatalog; path = Assets.xcassets; sourceTree = "<group>"; };
		D06B7B712C1AF98900F8B927 /* Base */ = {isa = PBXFileReference; lastKnownFileType = file.storyboard; name = Base; path = Base.lproj/LaunchScreen.storyboard; sourceTree = "<group>"; };
		D06B7B732C1AF98900F8B927 /* Info.plist */ = {isa = PBXFileReference; lastKnownFileType = text.plist.xml; path = Info.plist; sourceTree = "<group>"; };
		D06B7B792C1B13A800F8B927 /* CommentTableViewCell.swift */ = {isa = PBXFileReference; lastKnownFileType = sourcecode.swift; path = CommentTableViewCell.swift; sourceTree = "<group>"; };
		D06B7B7A2C1B13A800F8B927 /* CommentTableViewCell.xib */ = {isa = PBXFileReference; lastKnownFileType = file.xib; path = CommentTableViewCell.xib; sourceTree = "<group>"; };
		D06B7B7D2C1C123000F8B927 /* CommentModel.swift */ = {isa = PBXFileReference; lastKnownFileType = sourcecode.swift; path = CommentModel.swift; sourceTree = "<group>"; };
/* End PBXFileReference section */

/* Begin PBXFrameworksBuildPhase section */
		D06B7B5F2C1AF98800F8B927 /* Frameworks */ = {
			isa = PBXFrameworksBuildPhase;
			buildActionMask = 2147483647;
			files = (
			);
			runOnlyForDeploymentPostprocessing = 0;
		};
/* End PBXFrameworksBuildPhase section */

/* Begin PBXGroup section */
		D06B7B592C1AF98800F8B927 = {
			isa = PBXGroup;
			children = (
				D06B7B642C1AF98800F8B927 /* TestProject */,
				D06B7B632C1AF98800F8B927 /* Products */,
			);
			sourceTree = "<group>";
		};
		D06B7B632C1AF98800F8B927 /* Products */ = {
			isa = PBXGroup;
			children = (
				D06B7B622C1AF98800F8B927 /* TestDiffableDataSource.app */,
			);
			name = Products;
			sourceTree = "<group>";
		};
		D06B7B642C1AF98800F8B927 /* TestProject */ = {
			isa = PBXGroup;
			children = (
				D06B7B802C1C25EC00F8B927 /* App */,
				D06B7B822C1C260A00F8B927 /* Model */,
				D06B7B7F2C1C25D000F8B927 /* ViewController */,
				D06B7B6B2C1AF98800F8B927 /* Main.storyboard */,
				D06B7B6E2C1AF98900F8B927 /* Assets.xcassets */,
				D06B7B702C1AF98900F8B927 /* LaunchScreen.storyboard */,
				D06B7B732C1AF98900F8B927 /* Info.plist */,
			);
			path = TestProject;
			sourceTree = "<group>";
		};
		D06B7B7F2C1C25D000F8B927 /* ViewController */ = {
			isa = PBXGroup;
			children = (
				D06B7B812C1C25FA00F8B927 /* TableViewCell */,
				D06B7B692C1AF98800F8B927 /* ViewController.swift */,
			);
			path = ViewController;
			sourceTree = "<group>";
		};
		D06B7B802C1C25EC00F8B927 /* App */ = {
			isa = PBXGroup;
			children = (
				D06B7B652C1AF98800F8B927 /* AppDelegate.swift */,
				D06B7B672C1AF98800F8B927 /* SceneDelegate.swift */,
			);
			path = App;
			sourceTree = "<group>";
		};
		D06B7B812C1C25FA00F8B927 /* TableViewCell */ = {
			isa = PBXGroup;
			children = (
				D06B7B792C1B13A800F8B927 /* CommentTableViewCell.swift */,
				D06B7B7A2C1B13A800F8B927 /* CommentTableViewCell.xib */,
			);
			path = TableViewCell;
			sourceTree = "<group>";
		};
		D06B7B822C1C260A00F8B927 /* Model */ = {
			isa = PBXGroup;
			children = (
				D06B7B7D2C1C123000F8B927 /* CommentModel.swift */,
			);
			path = Model;
			sourceTree = "<group>";
		};
/* End PBXGroup section */

/* Begin PBXNativeTarget section */
		D06B7B612C1AF98800F8B927 /* TestDiffableDataSource */ = {
			isa = PBXNativeTarget;
			buildConfigurationList = D06B7B762C1AF98900F8B927 /* Build configuration list for PBXNativeTarget "TestDiffableDataSource" */;
			buildPhases = (
				D06B7B5E2C1AF98800F8B927 /* Sources */,
				D06B7B5F2C1AF98800F8B927 /* Frameworks */,
				D06B7B602C1AF98800F8B927 /* Resources */,
			);
			buildRules = (
			);
			dependencies = (
			);
			name = TestDiffableDataSource;
			productName = TestProject;
			productReference = D06B7B622C1AF98800F8B927 /* TestDiffableDataSource.app */;
			productType = "com.apple.product-type.application";
		};
/* End PBXNativeTarget section */

/* Begin PBXProject section */
		D06B7B5A2C1AF98800F8B927 /* Project object */ = {
			isa = PBXProject;
			attributes = {
				BuildIndependentTargetsInParallel = 1;
				LastSwiftUpdateCheck = 1540;
				LastUpgradeCheck = 1540;
				TargetAttributes = {
					D06B7B612C1AF98800F8B927 = {
						CreatedOnToolsVersion = 15.4;
					};
				};
			};
			buildConfigurationList = D06B7B5D2C1AF98800F8B927 /* Build configuration list for PBXProject "TestDiffableDataSource" */;
			compatibilityVersion = "Xcode 14.0";
			developmentRegion = en;
			hasScannedForEncodings = 0;
			knownRegions = (
				en,
				Base,
			);
			mainGroup = D06B7B592C1AF98800F8B927;
			productRefGroup = D06B7B632C1AF98800F8B927 /* Products */;
			projectDirPath = "";
			projectRoot = "";
			targets = (
				D06B7B612C1AF98800F8B927 /* TestDiffableDataSource */,
			);
		};
/* End PBXProject section */

/* Begin PBXResourcesBuildPhase section */
		D06B7B602C1AF98800F8B927 /* Resources */ = {
			isa = PBXResourcesBuildPhase;
			buildActionMask = 2147483647;
			files = (
				D06B7B6F2C1AF98900F8B927 /* Assets.xcassets in Resources */,
				D06B7B722C1AF98900F8B927 /* Base in Resources */,
				D06B7B6D2C1AF98800F8B927 /* Base in Resources */,
				D06B7B7C2C1B13A800F8B927 /* CommentTableViewCell.xib in Resources */,
			);
			runOnlyForDeploymentPostprocessing = 0;
		};
/* End PBXResourcesBuildPhase section */

/* Begin PBXSourcesBuildPhase section */
		D06B7B5E2C1AF98800F8B927 /* Sources */ = {
			isa = PBXSourcesBuildPhase;
			buildActionMask = 2147483647;
			files = (
				D06B7B6A2C1AF98800F8B927 /* ViewController.swift in Sources */,
				D06B7B662C1AF98800F8B927 /* AppDelegate.swift in Sources */,
				D06B7B7E2C1C123000F8B927 /* CommentModel.swift in Sources */,
				D06B7B682C1AF98800F8B927 /* SceneDelegate.swift in Sources */,
				D06B7B7B2C1B13A800F8B927 /* CommentTableViewCell.swift in Sources */,
			);
			runOnlyForDeploymentPostprocessing = 0;
		};
/* End PBXSourcesBuildPhase section */

/* Begin PBXVariantGroup section */
		D06B7B6B2C1AF98800F8B927 /* Main.storyboard */ = {
			isa = PBXVariantGroup;
			children = (
				D06B7B6C2C1AF98800F8B927 /* Base */,
			);
			name = Main.storyboard;
			sourceTree = "<group>";
		};
		D06B7B702C1AF98900F8B927 /* LaunchScreen.storyboard */ = {
			isa = PBXVariantGroup;
			children = (
				D06B7B712C1AF98900F8B927 /* Base */,
			);
			name = LaunchScreen.storyboard;
			sourceTree = "<group>";
		};
/* End PBXVariantGroup section */

/* Begin XCBuildConfiguration section */
		D06B7B742C1AF98900F8B927 /* Debug */ = {
			isa = XCBuildConfiguration;
			buildSettings = {
				ALWAYS_SEARCH_USER_PATHS = NO;
				ASSETCATALOG_COMPILER_GENERATE_SWIFT_ASSET_SYMBOL_EXTENSIONS = YES;
				CLANG_ANALYZER_NONNULL = YES;
				CLANG_ANALYZER_NUMBER_OBJECT_CONVERSION = YES_AGGRESSIVE;
				CLANG_CXX_LANGUAGE_STANDARD = "gnu++20";
				CLANG_ENABLE_MODULES = YES;
				CLANG_ENABLE_OBJC_ARC = YES;
				CLANG_ENABLE_OBJC_WEAK = YES;
				CLANG_WARN_BLOCK_CAPTURE_AUTORELEASING = YES;
				CLANG_WARN_BOOL_CONVERSION = YES;
				CLANG_WARN_COMMA = YES;
				CLANG_WARN_CONSTANT_CONVERSION = YES;
				CLANG_WARN_DEPRECATED_OBJC_IMPLEMENTATIONS = YES;
				CLANG_WARN_DIRECT_OBJC_ISA_USAGE = YES_ERROR;
				CLANG_WARN_DOCUMENTATION_COMMENTS = YES;
				CLANG_WARN_EMPTY_BODY = YES;
				CLANG_WARN_ENUM_CONVERSION = YES;
				CLANG_WARN_INFINITE_RECURSION = YES;
				CLANG_WARN_INT_CONVERSION = YES;
				CLANG_WARN_NON_LITERAL_NULL_CONVERSION = YES;
				CLANG_WARN_OBJC_IMPLICIT_RETAIN_SELF = YES;
				CLANG_WARN_OBJC_LITERAL_CONVERSION = YES;
				CLANG_WARN_OBJC_ROOT_CLASS = YES_ERROR;
				CLANG_WARN_QUOTED_INCLUDE_IN_FRAMEWORK_HEADER = YES;
				CLANG_WARN_RANGE_LOOP_ANALYSIS = YES;
				CLANG_WARN_STRICT_PROTOTYPES = YES;
				CLANG_WARN_SUSPICIOUS_MOVE = YES;
				CLANG_WARN_UNGUARDED_AVAILABILITY = YES_AGGRESSIVE;
				CLANG_WARN_UNREACHABLE_CODE = YES;
				CLANG_WARN__DUPLICATE_METHOD_MATCH = YES;
				COPY_PHASE_STRIP = NO;
				DEBUG_INFORMATION_FORMAT = dwarf;
				ENABLE_STRICT_OBJC_MSGSEND = YES;
				ENABLE_TESTABILITY = YES;
				ENABLE_USER_SCRIPT_SANDBOXING = YES;
				GCC_C_LANGUAGE_STANDARD = gnu17;
				GCC_DYNAMIC_NO_PIC = NO;
				GCC_NO_COMMON_BLOCKS = YES;
				GCC_OPTIMIZATION_LEVEL = 0;
				GCC_PREPROCESSOR_DEFINITIONS = (
					"DEBUG=1",
					"$(inherited)",
				);
				GCC_WARN_64_TO_32_BIT_CONVERSION = YES;
				GCC_WARN_ABOUT_RETURN_TYPE = YES_ERROR;
				GCC_WARN_UNDECLARED_SELECTOR = YES;
				GCC_WARN_UNINITIALIZED_AUTOS = YES_AGGRESSIVE;
				GCC_WARN_UNUSED_FUNCTION = YES;
				GCC_WARN_UNUSED_VARIABLE = YES;
				IPHONEOS_DEPLOYMENT_TARGET = 17.5;
				LOCALIZATION_PREFERS_STRING_CATALOGS = YES;
				MTL_ENABLE_DEBUG_INFO = INCLUDE_SOURCE;
				MTL_FAST_MATH = YES;
				ONLY_ACTIVE_ARCH = YES;
				SDKROOT = iphoneos;
				SWIFT_ACTIVE_COMPILATION_CONDITIONS = "DEBUG $(inherited)";
				SWIFT_OPTIMIZATION_LEVEL = "-Onone";
			};
			name = Debug;
		};
		D06B7B752C1AF98900F8B927 /* Release */ = {
			isa = XCBuildConfiguration;
			buildSettings = {
				ALWAYS_SEARCH_USER_PATHS = NO;
				ASSETCATALOG_COMPILER_GENERATE_SWIFT_ASSET_SYMBOL_EXTENSIONS = YES;
				CLANG_ANALYZER_NONNULL = YES;
				CLANG_ANALYZER_NUMBER_OBJECT_CONVERSION = YES_AGGRESSIVE;
				CLANG_CXX_LANGUAGE_STANDARD = "gnu++20";
				CLANG_ENABLE_MODULES = YES;
				CLANG_ENABLE_OBJC_ARC = YES;
				CLANG_ENABLE_OBJC_WEAK = YES;
				CLANG_WARN_BLOCK_CAPTURE_AUTORELEASING = YES;
				CLANG_WARN_BOOL_CONVERSION = YES;
				CLANG_WARN_COMMA = YES;
				CLANG_WARN_CONSTANT_CONVERSION = YES;
				CLANG_WARN_DEPRECATED_OBJC_IMPLEMENTATIONS = YES;
				CLANG_WARN_DIRECT_OBJC_ISA_USAGE = YES_ERROR;
				CLANG_WARN_DOCUMENTATION_COMMENTS = YES;
				CLANG_WARN_EMPTY_BODY = YES;
				CLANG_WARN_ENUM_CONVERSION = YES;
				CLANG_WARN_INFINITE_RECURSION = YES;
				CLANG_WARN_INT_CONVERSION = YES;
				CLANG_WARN_NON_LITERAL_NULL_CONVERSION = YES;
				CLANG_WARN_OBJC_IMPLICIT_RETAIN_SELF = YES;
				CLANG_WARN_OBJC_LITERAL_CONVERSION = YES;
				CLANG_WARN_OBJC_ROOT_CLASS = YES_ERROR;
				CLANG_WARN_QUOTED_INCLUDE_IN_FRAMEWORK_HEADER = YES;
				CLANG_WARN_RANGE_LOOP_ANALYSIS = YES;
				CLANG_WARN_STRICT_PROTOTYPES = YES;
				CLANG_WARN_SUSPICIOUS_MOVE = YES;
				CLANG_WARN_UNGUARDED_AVAILABILITY = YES_AGGRESSIVE;
				CLANG_WARN_UNREACHABLE_CODE = YES;
				CLANG_WARN__DUPLICATE_METHOD_MATCH = YES;
				COPY_PHASE_STRIP = NO;
				DEBUG_INFORMATION_FORMAT = "dwarf-with-dsym";
				ENABLE_NS_ASSERTIONS = NO;
				ENABLE_STRICT_OBJC_MSGSEND = YES;
				ENABLE_USER_SCRIPT_SANDBOXING = YES;
				GCC_C_LANGUAGE_STANDARD = gnu17;
				GCC_NO_COMMON_BLOCKS = YES;
				GCC_WARN_64_TO_32_BIT_CONVERSION = YES;
				GCC_WARN_ABOUT_RETURN_TYPE = YES_ERROR;
				GCC_WARN_UNDECLARED_SELECTOR = YES;
				GCC_WARN_UNINITIALIZED_AUTOS = YES_AGGRESSIVE;
				GCC_WARN_UNUSED_FUNCTION = YES;
				GCC_WARN_UNUSED_VARIABLE = YES;
				IPHONEOS_DEPLOYMENT_TARGET = 17.5;
				LOCALIZATION_PREFERS_STRING_CATALOGS = YES;
				MTL_ENABLE_DEBUG_INFO = NO;
				MTL_FAST_MATH = YES;
				SDKROOT = iphoneos;
				SWIFT_COMPILATION_MODE = wholemodule;
				VALIDATE_PRODUCT = YES;
			};
			name = Release;
		};
		D06B7B772C1AF98900F8B927 /* Debug */ = {
			isa = XCBuildConfiguration;
			buildSettings = {
				ASSETCATALOG_COMPILER_APPICON_NAME = AppIcon;
				ASSETCATALOG_COMPILER_GLOBAL_ACCENT_COLOR_NAME = AccentColor;
				CODE_SIGN_STYLE = Automatic;
				CURRENT_PROJECT_VERSION = 1;
				DEVELOPMENT_TEAM = 43C673Q94L;
				GENERATE_INFOPLIST_FILE = YES;
				INFOPLIST_FILE = TestProject/Info.plist;
				INFOPLIST_KEY_CFBundleDisplayName = "Test Diffable";
				INFOPLIST_KEY_UIApplicationSupportsIndirectInputEvents = YES;
				INFOPLIST_KEY_UILaunchStoryboardName = LaunchScreen;
				INFOPLIST_KEY_UIMainStoryboardFile = Main;
				INFOPLIST_KEY_UISupportedInterfaceOrientations_iPad = "UIInterfaceOrientationPortrait UIInterfaceOrientationPortraitUpsideDown UIInterfaceOrientationLandscapeLeft UIInterfaceOrientationLandscapeRight";
				INFOPLIST_KEY_UISupportedInterfaceOrientations_iPhone = "UIInterfaceOrientationPortrait UIInterfaceOrientationLandscapeLeft UIInterfaceOrientationLandscapeRight";
				IPHONEOS_DEPLOYMENT_TARGET = 15.0;
				LD_RUNPATH_SEARCH_PATHS = (
					"$(inherited)",
					"@executable_path/Frameworks",
				);
				MARKETING_VERSION = 1.0;
				PRODUCT_BUNDLE_IDENTIFIER = com.theswiftdev.TestProject;
				PRODUCT_NAME = "$(TARGET_NAME)";
				SWIFT_EMIT_LOC_STRINGS = YES;
				SWIFT_VERSION = 5.0;
				TARGETED_DEVICE_FAMILY = "1,2";
			};
			name = Debug;
		};
		D06B7B782C1AF98900F8B927 /* Release */ = {
			isa = XCBuildConfiguration;
			buildSettings = {
				ASSETCATALOG_COMPILER_APPICON_NAME = AppIcon;
				ASSETCATALOG_COMPILER_GLOBAL_ACCENT_COLOR_NAME = AccentColor;
				CODE_SIGN_STYLE = Automatic;
				CURRENT_PROJECT_VERSION = 1;
				DEVELOPMENT_TEAM = 43C673Q94L;
				GENERATE_INFOPLIST_FILE = YES;
				INFOPLIST_FILE = TestProject/Info.plist;
				INFOPLIST_KEY_CFBundleDisplayName = "Test Diffable";
				INFOPLIST_KEY_UIApplicationSupportsIndirectInputEvents = YES;
				INFOPLIST_KEY_UILaunchStoryboardName = LaunchScreen;
				INFOPLIST_KEY_UIMainStoryboardFile = Main;
				INFOPLIST_KEY_UISupportedInterfaceOrientations_iPad = "UIInterfaceOrientationPortrait UIInterfaceOrientationPortraitUpsideDown UIInterfaceOrientationLandscapeLeft UIInterfaceOrientationLandscapeRight";
				INFOPLIST_KEY_UISupportedInterfaceOrientations_iPhone = "UIInterfaceOrientationPortrait UIInterfaceOrientationLandscapeLeft UIInterfaceOrientationLandscapeRight";
				IPHONEOS_DEPLOYMENT_TARGET = 15.0;
				LD_RUNPATH_SEARCH_PATHS = (
					"$(inherited)",
					"@executable_path/Frameworks",
				);
				MARKETING_VERSION = 1.0;
				PRODUCT_BUNDLE_IDENTIFIER = com.theswiftdev.TestProject;
				PRODUCT_NAME = "$(TARGET_NAME)";
				SWIFT_EMIT_LOC_STRINGS = YES;
				SWIFT_VERSION = 5.0;
				TARGETED_DEVICE_FAMILY = "1,2";
			};
			name = Release;
		};
/* End XCBuildConfiguration section */

/* Begin XCConfigurationList section */
		D06B7B5D2C1AF98800F8B927 /* Build configuration list for PBXProject "TestDiffableDataSource" */ = {
			isa = XCConfigurationList;
			buildConfigurations = (
				D06B7B742C1AF98900F8B927 /* Debug */,
				D06B7B752C1AF98900F8B927 /* Release */,
			);
			defaultConfigurationIsVisible = 0;
			defaultConfigurationName = Release;
		};
		D06B7B762C1AF98900F8B927 /* Build configuration list for PBXNativeTarget "TestDiffableDataSource" */ = {
			isa = XCConfigurationList;
			buildConfigurations = (
				D06B7B772C1AF98900F8B927 /* Debug */,
				D06B7B782C1AF98900F8B927 /* Release */,
			);
			defaultConfigurationIsVisible = 0;
			defaultConfigurationName = Release;
		};
/* End XCConfigurationList section */
	};
	rootObject = D06B7B5A2C1AF98800F8B927 /* Project object */;
}
